
Microsoft Visual Studio Solution File, Format Version 12.00
# Visual Studio Version 17
VisualStudioVersion = 17.14.36109.1
MinimumVisualStudioVersion = 10.0.40219.1
Project("{8BC9CEB8-8B4A-11D0-8D11-00A0C91BC942}") = "Program", "C.vcxproj", "{4C3F6376-1659-4998-A842-9DD0C0E9EFF4}"
EndProject
Project("{8BC9CEB8-8B4A-11D0-8D11-00A0C91BC942}") = "Class1st (Variable & Constant)", "..\Class1st (Variable & Constant)\Class1st (Variable & Constant).vcxproj", "{34080D60-C86C-4CB8-AEFE-16D617723B89}"
EndProject
Project("{8BC9CEB8-8B4A-11D0-8D11-00A0C91BC942}") = "Class2nd (Bit)", "..\Class2nd (Bit)\Class2nd (Bit).vcxproj", "{F162983D-2C6C-4D42-AAE9-59A2693A166A}"
EndProject
Project("{8BC9CEB8-8B4A-11D0-8D11-00A0C91BC942}") = "Class3rd (Iteration Statement)", "..\Class3rd (Iteration Statement)\Class3rd (Iteration Statement).vcxproj", "{56A05B20-1CF6-4067-937A-C88791971D27}"
EndProject
Project("{8BC9CEB8-8B4A-11D0-8D11-00A0C91BC942}") = "Class4th (Conditional Statement)", "..\Class4th (Conditional Statement)\Class4th (Conditional Statement).vcxproj", "{5EC5D09E-63FC-4E0A-A482-6AFF0F743B4A}"
EndProject
Project("{8BC9CEB8-8B4A-11D0-8D11-00A0C91BC942}") = "Class5th (Type Conversion)", "..\Class5th (Type Conversion)\Class5th (Type Conversion).vcxproj", "{1DEFDD1A-934E-4872-93F7-135DA7D6EF87}"
EndProject
Global
	GlobalSection(SolutionConfigurationPlatforms) = preSolution
		Debug|x64 = Debug|x64
		Debug|x86 = Debug|x86
		Release|x64 = Release|x64
		Release|x86 = Release|x86
	EndGlobalSection
	GlobalSection(ProjectConfigurationPlatforms) = postSolution
		{4C3F6376-1659-4998-A842-9DD0C0E9EFF4}.Debug|x64.ActiveCfg = Debug|x64
		{4C3F6376-1659-4998-A842-9DD0C0E9EFF4}.Debug|x64.Build.0 = Debug|x64
		{4C3F6376-1659-4998-A842-9DD0C0E9EFF4}.Debug|x86.ActiveCfg = Debug|Win32
		{4C3F6376-1659-4998-A842-9DD0C0E9EFF4}.Debug|x86.Build.0 = Debug|Win32
		{4C3F6376-1659-4998-A842-9DD0C0E9EFF4}.Release|x64.ActiveCfg = Release|x64
		{4C3F6376-1659-4998-A842-9DD0C0E9EFF4}.Release|x64.Build.0 = Release|x64
		{4C3F6376-1659-4998-A842-9DD0C0E9EFF4}.Release|x86.ActiveCfg = Release|Win32
		{4C3F6376-1659-4998-A842-9DD0C0E9EFF4}.Release|x86.Build.0 = Release|Win32
		{34080D60-C86C-4CB8-AEFE-16D617723B89}.Debug|x64.ActiveCfg = Debug|x64
		{34080D60-C86C-4CB8-AEFE-16D617723B89}.Debug|x64.Build.0 = Debug|x64
		{34080D60-C86C-4CB8-AEFE-16D617723B89}.Debug|x86.ActiveCfg = Debug|Win32
		{34080D60-C86C-4CB8-AEFE-16D617723B89}.Debug|x86.Build.0 = Debug|Win32
		{34080D60-C86C-4CB8-AEFE-16D617723B89}.Release|x64.ActiveCfg = Release|x64
		{34080D60-C86C-4CB8-AEFE-16D617723B89}.Release|x64.Build.0 = Release|x64
		{34080D60-C86C-4CB8-AEFE-16D617723B89}.Release|x86.ActiveCfg = Release|Win32
		{34080D60-C86C-4CB8-AEFE-16D617723B89}.Release|x86.Build.0 = Release|Win32
		{F162983D-2C6C-4D42-AAE9-59A2693A166A}.Debug|x64.ActiveCfg = Debug|x64
		{F162983D-2C6C-4D42-AAE9-59A2693A166A}.Debug|x64.Build.0 = Debug|x64
		{F162983D-2C6C-4D42-AAE9-59A2693A166A}.Debug|x86.ActiveCfg = Debug|Win32
		{F162983D-2C6C-4D42-AAE9-59A2693A166A}.Debug|x86.Build.0 = Debug|Win32
		{F162983D-2C6C-4D42-AAE9-59A2693A166A}.Release|x64.ActiveCfg = Release|x64
		{F162983D-2C6C-4D42-AAE9-59A2693A166A}.Release|x64.Build.0 = Release|x64
		{F162983D-2C6C-4D42-AAE9-59A2693A166A}.Release|x86.ActiveCfg = Release|Win32
		{F162983D-2C6C-4D42-AAE9-59A2693A166A}.Release|x86.Build.0 = Release|Win32
		{56A05B20-1CF6-4067-937A-C88791971D27}.Debug|x64.ActiveCfg = Debug|x64
		{56A05B20-1CF6-4067-937A-C88791971D27}.Debug|x64.Build.0 = Debug|x64
		{56A05B20-1CF6-4067-937A-C88791971D27}.Debug|x86.ActiveCfg = Debug|Win32
		{56A05B20-1CF6-4067-937A-C88791971D27}.Debug|x86.Build.0 = Debug|Win32
		{56A05B20-1CF6-4067-937A-C88791971D27}.Release|x64.ActiveCfg = Release|x64
		{56A05B20-1CF6-4067-937A-C88791971D27}.Release|x64.Build.0 = Release|x64
		{56A05B20-1CF6-4067-937A-C88791971D27}.Release|x86.ActiveCfg = Release|Win32
		{56A05B20-1CF6-4067-937A-C88791971D27}.Release|x86.Build.0 = Release|Win32
		{5EC5D09E-63FC-4E0A-A482-6AFF0F743B4A}.Debug|x64.ActiveCfg = Debug|x64
		{5EC5D09E-63FC-4E0A-A482-6AFF0F743B4A}.Debug|x64.Build.0 = Debug|x64
		{5EC5D09E-63FC-4E0A-A482-6AFF0F743B4A}.Debug|x86.ActiveCfg = Debug|Win32
		{5EC5D09E-63FC-4E0A-A482-6AFF0F743B4A}.Debug|x86.Build.0 = Debug|Win32
		{5EC5D09E-63FC-4E0A-A482-6AFF0F743B4A}.Release|x64.ActiveCfg = Release|x64
		{5EC5D09E-63FC-4E0A-A482-6AFF0F743B4A}.Release|x64.Build.0 = Release|x64
		{5EC5D09E-63FC-4E0A-A482-6AFF0F743B4A}.Release|x86.ActiveCfg = Release|Win32
		{5EC5D09E-63FC-4E0A-A482-6AFF0F743B4A}.Release|x86.Build.0 = Release|Win32
		{1DEFDD1A-934E-4872-93F7-135DA7D6EF87}.Debug|x64.ActiveCfg = Debug|x64
		{1DEFDD1A-934E-4872-93F7-135DA7D6EF87}.Debug|x64.Build.0 = Debug|x64
		{1DEFDD1A-934E-4872-93F7-135DA7D6EF87}.Debug|x86.ActiveCfg = Debug|Win32
		{1DEFDD1A-934E-4872-93F7-135DA7D6EF87}.Debug|x86.Build.0 = Debug|Win32
		{1DEFDD1A-934E-4872-93F7-135DA7D6EF87}.Release|x64.ActiveCfg = Release|x64
		{1DEFDD1A-934E-4872-93F7-135DA7D6EF87}.Release|x64.Build.0 = Release|x64
		{1DEFDD1A-934E-4872-93F7-135DA7D6EF87}.Release|x86.ActiveCfg = Release|Win32
		{1DEFDD1A-934E-4872-93F7-135DA7D6EF87}.Release|x86.Build.0 = Release|Win32
	EndGlobalSection
	GlobalSection(SolutionProperties) = preSolution
		HideSolutionNode = FALSE
	EndGlobalSection
	GlobalSection(ExtensibilityGlobals) = postSolution
		SolutionGuid = {06813DD1-0F6B-4D2A-974A-F315F73B863A}
	EndGlobalSection
EndGlobal
