
Microsoft Visual Studio Solution File, Format Version 12.00
# Visual Studio Version 17
VisualStudioVersion = 17.14.36109.1
MinimumVisualStudioVersion = 10.0.40219.1
Project("{8BC9CEB8-8B4A-11D0-8D11-00A0C91BC942}") = "Algorithm", "Algorithm.vcxproj", "{01126060-AFF8-4341-9BE4-65751227C504}"
EndProject
Project("{8BC9CEB8-8B4A-11D0-8D11-00A0C91BC942}") = "Class1st (Time Complexity & Space Complexity)", "..\Class1st (Time Complexity & Space Complexity)\Class1st (Time Complexity & Space Complexity).vcxproj", "{CE8C7A15-FD4E-44EE-B89B-B6DC3B228F31}"
EndProject
Project("{8BC9CEB8-8B4A-11D0-8D11-00A0C91BC942}") = "Class2nd (Brute Force)", "..\Class2nd (Brute Force)\Class2nd (Brute Force).vcxproj", "{A0A8A036-5177-42D3-9587-2E45958EC6AE}"
EndProject
Project("{8BC9CEB8-8B4A-11D0-8D11-00A0C91BC942}") = "Class3rd (Bubble Sort)", "..\Class3rd (Bubble Sort)\Class3rd (Bubble Sort).vcxproj", "{84ABEDD6-5742-4395-99D3-8667B6E2FAA7}"
EndProject
Project("{8BC9CEB8-8B4A-11D0-8D11-00A0C91BC942}") = "Class4th (Selection Sort)", "..\Class4th (Selection Sort)\Class4th (Selection Sort).vcxproj", "{56E1329D-B99C-4C65-845B-FBC2EAB42881}"
EndProject
Project("{8BC9CEB8-8B4A-11D0-8D11-00A0C91BC942}") = "Class5th (Insert Sort)", "..\Class5th (Insert Sort)\Class5th (Insert Sort).vcxproj", "{47F07930-528E-4278-A94D-634EAEA77937}"
EndProject
Project("{8BC9CEB8-8B4A-11D0-8D11-00A0C91BC942}") = "Class6th (Euclidean)", "..\Class6th (Euclidean)\Class6th (Euclidean).vcxproj", "{95956B34-48C5-4FA1-86B7-7108716B26A8}"
EndProject
Project("{8BC9CEB8-8B4A-11D0-8D11-00A0C91BC942}") = "Class7th (Sieve of Eratosthenes)", "..\Class7th (Sieve of Eratosthenes)\Class7th (Sieve of Eratosthenes).vcxproj", "{3D812644-DA26-4A5D-B8C0-E5525B260BB6}"
EndProject
Project("{8BC9CEB8-8B4A-11D0-8D11-00A0C91BC942}") = "Class8th (Divide and Conquer)", "..\Class8th (Divide and Conquer)\Class8th (Divide and Conquer).vcxproj", "{24F802FC-7BD5-487F-B454-9ABBF3F18F04}"
EndProject
Project("{8BC9CEB8-8B4A-11D0-8D11-00A0C91BC942}") = "Class9th (Binary Search)", "..\Class9th (Binary Search)\Class9th (Binary Search).vcxproj", "{4D6EE3BC-E573-4926-A3D0-644C7F4B01DA}"
EndProject
Project("{8BC9CEB8-8B4A-11D0-8D11-00A0C91BC942}") = "Class10th (Count Sort)", "..\Class10th (Count Sort)\Class10th (Count Sort).vcxproj", "{E6A44274-8F9C-4E0A-91D9-78D06D224AF4}"
EndProject
Project("{8BC9CEB8-8B4A-11D0-8D11-00A0C91BC942}") = "Class11th (Quick Sort)", "..\Class11th (Quick Sort)\Class11th (Quick Sort).vcxproj", "{105B4441-94BC-452E-A440-0AE60E0EEF4C}"
EndProject
Project("{8BC9CEB8-8B4A-11D0-8D11-00A0C91BC942}") = "Class12th (Merge Sort)", "..\Class12th (Merge Sort)\Class12th (Merge Sort).vcxproj", "{1C714E1D-41CF-4E6F-A894-903A4DB75D79}"
EndProject
Project("{8BC9CEB8-8B4A-11D0-8D11-00A0C91BC942}") = "Class13th(Dynamic Programming)", "..\Class13th(Dynamic Programming)\Class13th(Dynamic Programming).vcxproj", "{56DE0259-D900-4F82-A8EF-B6F3945AC0FB}"
EndProject
Project("{8BC9CEB8-8B4A-11D0-8D11-00A0C91BC942}") = "Class14th (Greedy)", "..\Class14th (Greedy)\Class14th (Greedy).vcxproj", "{77CF3D1D-F798-49B9-81D5-A07312325BDB}"
EndProject
Project("{8BC9CEB8-8B4A-11D0-8D11-00A0C91BC942}") = "Class15th (Depth First Search)", "..\Class15th (Depth First Search)\Class15th (Depth First Search).vcxproj", "{236EBABC-C534-4892-8DA8-9DD74096DA40}"
EndProject
Project("{8BC9CEB8-8B4A-11D0-8D11-00A0C91BC942}") = "Class16th (Breadth First Search)", "..\Class16th (Breadth First Search)\Class16th (Breadth First Search).vcxproj", "{6295710E-E35E-44D7-9C5C-6AA8DEE5E9CD}"
EndProject
Project("{8BC9CEB8-8B4A-11D0-8D11-00A0C91BC942}") = "Class17th (Topology Sort)", "..\Class17th (Topology Sort)\Class17th (Topology Sort).vcxproj", "{580A8B0F-BD94-408D-A151-C9C9D9C77F54}"
EndProject
Project("{8BC9CEB8-8B4A-11D0-8D11-00A0C91BC942}") = "Class18th (Union Find)", "..\Class18th (Union Find)\Class18th (Union Find).vcxproj", "{833343D4-4D52-4E91-BF83-DAF652DBC3E6}"
EndProject
Global
	GlobalSection(SolutionConfigurationPlatforms) = preSolution
		Debug|x64 = Debug|x64
		Debug|x86 = Debug|x86
		Release|x64 = Release|x64
		Release|x86 = Release|x86
	EndGlobalSection
	GlobalSection(ProjectConfigurationPlatforms) = postSolution
		{01126060-AFF8-4341-9BE4-65751227C504}.Debug|x64.ActiveCfg = Debug|x64
		{01126060-AFF8-4341-9BE4-65751227C504}.Debug|x64.Build.0 = Debug|x64
		{01126060-AFF8-4341-9BE4-65751227C504}.Debug|x86.ActiveCfg = Debug|Win32
		{01126060-AFF8-4341-9BE4-65751227C504}.Debug|x86.Build.0 = Debug|Win32
		{01126060-AFF8-4341-9BE4-65751227C504}.Release|x64.ActiveCfg = Release|x64
		{01126060-AFF8-4341-9BE4-65751227C504}.Release|x64.Build.0 = Release|x64
		{01126060-AFF8-4341-9BE4-65751227C504}.Release|x86.ActiveCfg = Release|Win32
		{01126060-AFF8-4341-9BE4-65751227C504}.Release|x86.Build.0 = Release|Win32
		{CE8C7A15-FD4E-44EE-B89B-B6DC3B228F31}.Debug|x64.ActiveCfg = Debug|x64
		{CE8C7A15-FD4E-44EE-B89B-B6DC3B228F31}.Debug|x64.Build.0 = Debug|x64
		{CE8C7A15-FD4E-44EE-B89B-B6DC3B228F31}.Debug|x86.ActiveCfg = Debug|Win32
		{CE8C7A15-FD4E-44EE-B89B-B6DC3B228F31}.Debug|x86.Build.0 = Debug|Win32
		{CE8C7A15-FD4E-44EE-B89B-B6DC3B228F31}.Release|x64.ActiveCfg = Release|x64
		{CE8C7A15-FD4E-44EE-B89B-B6DC3B228F31}.Release|x64.Build.0 = Release|x64
		{CE8C7A15-FD4E-44EE-B89B-B6DC3B228F31}.Release|x86.ActiveCfg = Release|Win32
		{CE8C7A15-FD4E-44EE-B89B-B6DC3B228F31}.Release|x86.Build.0 = Release|Win32
		{A0A8A036-5177-42D3-9587-2E45958EC6AE}.Debug|x64.ActiveCfg = Debug|x64
		{A0A8A036-5177-42D3-9587-2E45958EC6AE}.Debug|x64.Build.0 = Debug|x64
		{A0A8A036-5177-42D3-9587-2E45958EC6AE}.Debug|x86.ActiveCfg = Debug|Win32
		{A0A8A036-5177-42D3-9587-2E45958EC6AE}.Debug|x86.Build.0 = Debug|Win32
		{A0A8A036-5177-42D3-9587-2E45958EC6AE}.Release|x64.ActiveCfg = Release|x64
		{A0A8A036-5177-42D3-9587-2E45958EC6AE}.Release|x64.Build.0 = Release|x64
		{A0A8A036-5177-42D3-9587-2E45958EC6AE}.Release|x86.ActiveCfg = Release|Win32
		{A0A8A036-5177-42D3-9587-2E45958EC6AE}.Release|x86.Build.0 = Release|Win32
		{84ABEDD6-5742-4395-99D3-8667B6E2FAA7}.Debug|x64.ActiveCfg = Debug|x64
		{84ABEDD6-5742-4395-99D3-8667B6E2FAA7}.Debug|x64.Build.0 = Debug|x64
		{84ABEDD6-5742-4395-99D3-8667B6E2FAA7}.Debug|x86.ActiveCfg = Debug|Win32
		{84ABEDD6-5742-4395-99D3-8667B6E2FAA7}.Debug|x86.Build.0 = Debug|Win32
		{84ABEDD6-5742-4395-99D3-8667B6E2FAA7}.Release|x64.ActiveCfg = Release|x64
		{84ABEDD6-5742-4395-99D3-8667B6E2FAA7}.Release|x64.Build.0 = Release|x64
		{84ABEDD6-5742-4395-99D3-8667B6E2FAA7}.Release|x86.ActiveCfg = Release|Win32
		{84ABEDD6-5742-4395-99D3-8667B6E2FAA7}.Release|x86.Build.0 = Release|Win32
		{56E1329D-B99C-4C65-845B-FBC2EAB42881}.Debug|x64.ActiveCfg = Debug|x64
		{56E1329D-B99C-4C65-845B-FBC2EAB42881}.Debug|x64.Build.0 = Debug|x64
		{56E1329D-B99C-4C65-845B-FBC2EAB42881}.Debug|x86.ActiveCfg = Debug|Win32
		{56E1329D-B99C-4C65-845B-FBC2EAB42881}.Debug|x86.Build.0 = Debug|Win32
		{56E1329D-B99C-4C65-845B-FBC2EAB42881}.Release|x64.ActiveCfg = Release|x64
		{56E1329D-B99C-4C65-845B-FBC2EAB42881}.Release|x64.Build.0 = Release|x64
		{56E1329D-B99C-4C65-845B-FBC2EAB42881}.Release|x86.ActiveCfg = Release|Win32
		{56E1329D-B99C-4C65-845B-FBC2EAB42881}.Release|x86.Build.0 = Release|Win32
		{47F07930-528E-4278-A94D-634EAEA77937}.Debug|x64.ActiveCfg = Debug|x64
		{47F07930-528E-4278-A94D-634EAEA77937}.Debug|x64.Build.0 = Debug|x64
		{47F07930-528E-4278-A94D-634EAEA77937}.Debug|x86.ActiveCfg = Debug|Win32
		{47F07930-528E-4278-A94D-634EAEA77937}.Debug|x86.Build.0 = Debug|Win32
		{47F07930-528E-4278-A94D-634EAEA77937}.Release|x64.ActiveCfg = Release|x64
		{47F07930-528E-4278-A94D-634EAEA77937}.Release|x64.Build.0 = Release|x64
		{47F07930-528E-4278-A94D-634EAEA77937}.Release|x86.ActiveCfg = Release|Win32
		{47F07930-528E-4278-A94D-634EAEA77937}.Release|x86.Build.0 = Release|Win32
		{95956B34-48C5-4FA1-86B7-7108716B26A8}.Debug|x64.ActiveCfg = Debug|x64
		{95956B34-48C5-4FA1-86B7-7108716B26A8}.Debug|x64.Build.0 = Debug|x64
		{95956B34-48C5-4FA1-86B7-7108716B26A8}.Debug|x86.ActiveCfg = Debug|Win32
		{95956B34-48C5-4FA1-86B7-7108716B26A8}.Debug|x86.Build.0 = Debug|Win32
		{95956B34-48C5-4FA1-86B7-7108716B26A8}.Release|x64.ActiveCfg = Release|x64
		{95956B34-48C5-4FA1-86B7-7108716B26A8}.Release|x64.Build.0 = Release|x64
		{95956B34-48C5-4FA1-86B7-7108716B26A8}.Release|x86.ActiveCfg = Release|Win32
		{95956B34-48C5-4FA1-86B7-7108716B26A8}.Release|x86.Build.0 = Release|Win32
		{3D812644-DA26-4A5D-B8C0-E5525B260BB6}.Debug|x64.ActiveCfg = Debug|x64
		{3D812644-DA26-4A5D-B8C0-E5525B260BB6}.Debug|x64.Build.0 = Debug|x64
		{3D812644-DA26-4A5D-B8C0-E5525B260BB6}.Debug|x86.ActiveCfg = Debug|Win32
		{3D812644-DA26-4A5D-B8C0-E5525B260BB6}.Debug|x86.Build.0 = Debug|Win32
		{3D812644-DA26-4A5D-B8C0-E5525B260BB6}.Release|x64.ActiveCfg = Release|x64
		{3D812644-DA26-4A5D-B8C0-E5525B260BB6}.Release|x64.Build.0 = Release|x64
		{3D812644-DA26-4A5D-B8C0-E5525B260BB6}.Release|x86.ActiveCfg = Release|Win32
		{3D812644-DA26-4A5D-B8C0-E5525B260BB6}.Release|x86.Build.0 = Release|Win32
		{24F802FC-7BD5-487F-B454-9ABBF3F18F04}.Debug|x64.ActiveCfg = Debug|x64
		{24F802FC-7BD5-487F-B454-9ABBF3F18F04}.Debug|x64.Build.0 = Debug|x64
		{24F802FC-7BD5-487F-B454-9ABBF3F18F04}.Debug|x86.ActiveCfg = Debug|Win32
		{24F802FC-7BD5-487F-B454-9ABBF3F18F04}.Debug|x86.Build.0 = Debug|Win32
		{24F802FC-7BD5-487F-B454-9ABBF3F18F04}.Release|x64.ActiveCfg = Release|x64
		{24F802FC-7BD5-487F-B454-9ABBF3F18F04}.Release|x64.Build.0 = Release|x64
		{24F802FC-7BD5-487F-B454-9ABBF3F18F04}.Release|x86.ActiveCfg = Release|Win32
		{24F802FC-7BD5-487F-B454-9ABBF3F18F04}.Release|x86.Build.0 = Release|Win32
		{4D6EE3BC-E573-4926-A3D0-644C7F4B01DA}.Debug|x64.ActiveCfg = Debug|x64
		{4D6EE3BC-E573-4926-A3D0-644C7F4B01DA}.Debug|x64.Build.0 = Debug|x64
		{4D6EE3BC-E573-4926-A3D0-644C7F4B01DA}.Debug|x86.ActiveCfg = Debug|Win32
		{4D6EE3BC-E573-4926-A3D0-644C7F4B01DA}.Debug|x86.Build.0 = Debug|Win32
		{4D6EE3BC-E573-4926-A3D0-644C7F4B01DA}.Release|x64.ActiveCfg = Release|x64
		{4D6EE3BC-E573-4926-A3D0-644C7F4B01DA}.Release|x64.Build.0 = Release|x64
		{4D6EE3BC-E573-4926-A3D0-644C7F4B01DA}.Release|x86.ActiveCfg = Release|Win32
		{4D6EE3BC-E573-4926-A3D0-644C7F4B01DA}.Release|x86.Build.0 = Release|Win32
		{E6A44274-8F9C-4E0A-91D9-78D06D224AF4}.Debug|x64.ActiveCfg = Debug|x64
		{E6A44274-8F9C-4E0A-91D9-78D06D224AF4}.Debug|x64.Build.0 = Debug|x64
		{E6A44274-8F9C-4E0A-91D9-78D06D224AF4}.Debug|x86.ActiveCfg = Debug|Win32
		{E6A44274-8F9C-4E0A-91D9-78D06D224AF4}.Debug|x86.Build.0 = Debug|Win32
		{E6A44274-8F9C-4E0A-91D9-78D06D224AF4}.Release|x64.ActiveCfg = Release|x64
		{E6A44274-8F9C-4E0A-91D9-78D06D224AF4}.Release|x64.Build.0 = Release|x64
		{E6A44274-8F9C-4E0A-91D9-78D06D224AF4}.Release|x86.ActiveCfg = Release|Win32
		{E6A44274-8F9C-4E0A-91D9-78D06D224AF4}.Release|x86.Build.0 = Release|Win32
		{105B4441-94BC-452E-A440-0AE60E0EEF4C}.Debug|x64.ActiveCfg = Debug|x64
		{105B4441-94BC-452E-A440-0AE60E0EEF4C}.Debug|x64.Build.0 = Debug|x64
		{105B4441-94BC-452E-A440-0AE60E0EEF4C}.Debug|x86.ActiveCfg = Debug|Win32
		{105B4441-94BC-452E-A440-0AE60E0EEF4C}.Debug|x86.Build.0 = Debug|Win32
		{105B4441-94BC-452E-A440-0AE60E0EEF4C}.Release|x64.ActiveCfg = Release|x64
		{105B4441-94BC-452E-A440-0AE60E0EEF4C}.Release|x64.Build.0 = Release|x64
		{105B4441-94BC-452E-A440-0AE60E0EEF4C}.Release|x86.ActiveCfg = Release|Win32
		{105B4441-94BC-452E-A440-0AE60E0EEF4C}.Release|x86.Build.0 = Release|Win32
		{1C714E1D-41CF-4E6F-A894-903A4DB75D79}.Debug|x64.ActiveCfg = Debug|x64
		{1C714E1D-41CF-4E6F-A894-903A4DB75D79}.Debug|x64.Build.0 = Debug|x64
		{1C714E1D-41CF-4E6F-A894-903A4DB75D79}.Debug|x86.ActiveCfg = Debug|Win32
		{1C714E1D-41CF-4E6F-A894-903A4DB75D79}.Debug|x86.Build.0 = Debug|Win32
		{1C714E1D-41CF-4E6F-A894-903A4DB75D79}.Release|x64.ActiveCfg = Release|x64
		{1C714E1D-41CF-4E6F-A894-903A4DB75D79}.Release|x64.Build.0 = Release|x64
		{1C714E1D-41CF-4E6F-A894-903A4DB75D79}.Release|x86.ActiveCfg = Release|Win32
		{1C714E1D-41CF-4E6F-A894-903A4DB75D79}.Release|x86.Build.0 = Release|Win32
		{56DE0259-D900-4F82-A8EF-B6F3945AC0FB}.Debug|x64.ActiveCfg = Debug|x64
		{56DE0259-D900-4F82-A8EF-B6F3945AC0FB}.Debug|x64.Build.0 = Debug|x64
		{56DE0259-D900-4F82-A8EF-B6F3945AC0FB}.Debug|x86.ActiveCfg = Debug|Win32
		{56DE0259-D900-4F82-A8EF-B6F3945AC0FB}.Debug|x86.Build.0 = Debug|Win32
		{56DE0259-D900-4F82-A8EF-B6F3945AC0FB}.Release|x64.ActiveCfg = Release|x64
		{56DE0259-D900-4F82-A8EF-B6F3945AC0FB}.Release|x64.Build.0 = Release|x64
		{56DE0259-D900-4F82-A8EF-B6F3945AC0FB}.Release|x86.ActiveCfg = Release|Win32
		{56DE0259-D900-4F82-A8EF-B6F3945AC0FB}.Release|x86.Build.0 = Release|Win32
		{77CF3D1D-F798-49B9-81D5-A07312325BDB}.Debug|x64.ActiveCfg = Debug|x64
		{77CF3D1D-F798-49B9-81D5-A07312325BDB}.Debug|x64.Build.0 = Debug|x64
		{77CF3D1D-F798-49B9-81D5-A07312325BDB}.Debug|x86.ActiveCfg = Debug|Win32
		{77CF3D1D-F798-49B9-81D5-A07312325BDB}.Debug|x86.Build.0 = Debug|Win32
		{77CF3D1D-F798-49B9-81D5-A07312325BDB}.Release|x64.ActiveCfg = Release|x64
		{77CF3D1D-F798-49B9-81D5-A07312325BDB}.Release|x64.Build.0 = Release|x64
		{77CF3D1D-F798-49B9-81D5-A07312325BDB}.Release|x86.ActiveCfg = Release|Win32
		{77CF3D1D-F798-49B9-81D5-A07312325BDB}.Release|x86.Build.0 = Release|Win32
		{236EBABC-C534-4892-8DA8-9DD74096DA40}.Debug|x64.ActiveCfg = Debug|x64
		{236EBABC-C534-4892-8DA8-9DD74096DA40}.Debug|x64.Build.0 = Debug|x64
		{236EBABC-C534-4892-8DA8-9DD74096DA40}.Debug|x86.ActiveCfg = Debug|Win32
		{236EBABC-C534-4892-8DA8-9DD74096DA40}.Debug|x86.Build.0 = Debug|Win32
		{236EBABC-C534-4892-8DA8-9DD74096DA40}.Release|x64.ActiveCfg = Release|x64
		{236EBABC-C534-4892-8DA8-9DD74096DA40}.Release|x64.Build.0 = Release|x64
		{236EBABC-C534-4892-8DA8-9DD74096DA40}.Release|x86.ActiveCfg = Release|Win32
		{236EBABC-C534-4892-8DA8-9DD74096DA40}.Release|x86.Build.0 = Release|Win32
		{6295710E-E35E-44D7-9C5C-6AA8DEE5E9CD}.Debug|x64.ActiveCfg = Debug|x64
		{6295710E-E35E-44D7-9C5C-6AA8DEE5E9CD}.Debug|x64.Build.0 = Debug|x64
		{6295710E-E35E-44D7-9C5C-6AA8DEE5E9CD}.Debug|x86.ActiveCfg = Debug|Win32
		{6295710E-E35E-44D7-9C5C-6AA8DEE5E9CD}.Debug|x86.Build.0 = Debug|Win32
		{6295710E-E35E-44D7-9C5C-6AA8DEE5E9CD}.Release|x64.ActiveCfg = Release|x64
		{6295710E-E35E-44D7-9C5C-6AA8DEE5E9CD}.Release|x64.Build.0 = Release|x64
		{6295710E-E35E-44D7-9C5C-6AA8DEE5E9CD}.Release|x86.ActiveCfg = Release|Win32
		{6295710E-E35E-44D7-9C5C-6AA8DEE5E9CD}.Release|x86.Build.0 = Release|Win32
		{580A8B0F-BD94-408D-A151-C9C9D9C77F54}.Debug|x64.ActiveCfg = Debug|x64
		{580A8B0F-BD94-408D-A151-C9C9D9C77F54}.Debug|x64.Build.0 = Debug|x64
		{580A8B0F-BD94-408D-A151-C9C9D9C77F54}.Debug|x86.ActiveCfg = Debug|Win32
		{580A8B0F-BD94-408D-A151-C9C9D9C77F54}.Debug|x86.Build.0 = Debug|Win32
		{580A8B0F-BD94-408D-A151-C9C9D9C77F54}.Release|x64.ActiveCfg = Release|x64
		{580A8B0F-BD94-408D-A151-C9C9D9C77F54}.Release|x64.Build.0 = Release|x64
		{580A8B0F-BD94-408D-A151-C9C9D9C77F54}.Release|x86.ActiveCfg = Release|Win32
		{580A8B0F-BD94-408D-A151-C9C9D9C77F54}.Release|x86.Build.0 = Release|Win32
		{833343D4-4D52-4E91-BF83-DAF652DBC3E6}.Debug|x64.ActiveCfg = Debug|x64
		{833343D4-4D52-4E91-BF83-DAF652DBC3E6}.Debug|x64.Build.0 = Debug|x64
		{833343D4-4D52-4E91-BF83-DAF652DBC3E6}.Debug|x86.ActiveCfg = Debug|Win32
		{833343D4-4D52-4E91-BF83-DAF652DBC3E6}.Debug|x86.Build.0 = Debug|Win32
		{833343D4-4D52-4E91-BF83-DAF652DBC3E6}.Release|x64.ActiveCfg = Release|x64
		{833343D4-4D52-4E91-BF83-DAF652DBC3E6}.Release|x64.Build.0 = Release|x64
		{833343D4-4D52-4E91-BF83-DAF652DBC3E6}.Release|x86.ActiveCfg = Release|Win32
		{833343D4-4D52-4E91-BF83-DAF652DBC3E6}.Release|x86.Build.0 = Release|Win32
	EndGlobalSection
	GlobalSection(SolutionProperties) = preSolution
		HideSolutionNode = FALSE
	EndGlobalSection
	GlobalSection(ExtensibilityGlobals) = postSolution
		SolutionGuid = {5E6FE0D5-C623-4738-8AB6-E5D57B4CC18F}
	EndGlobalSection
EndGlobal
