
Microsoft Visual Studio Solution File, Format Version 12.00
# Visual Studio Version 17
VisualStudioVersion = 17.14.36109.1 d17.14
MinimumVisualStudioVersion = 10.0.40219.1
Project("{8BC9CEB8-8B4A-11D0-8D11-00A0C91BC942}") = "Texas Hold'em", "Texas Hold'em.vcxproj", "{6646197C-7769-4036-9BC3-F6329294FAC3}"
EndProject
Global
	GlobalSection(SolutionConfigurationPlatforms) = preSolution
		Debug|x64 = Debug|x64
		Debug|x86 = Debug|x86
		Release|x64 = Release|x64
		Release|x86 = Release|x86
	EndGlobalSection
	GlobalSection(ProjectConfigurationPlatforms) = postSolution
		{6646197C-7769-4036-9BC3-F6329294FAC3}.Debug|x64.ActiveCfg = Debug|x64
		{6646197C-7769-4036-9BC3-F6329294FAC3}.Debug|x64.Build.0 = Debug|x64
		{6646197C-7769-4036-9BC3-F6329294FAC3}.Debug|x86.ActiveCfg = Debug|Win32
		{6646197C-7769-4036-9BC3-F6329294FAC3}.Debug|x86.Build.0 = Debug|Win32
		{6646197C-7769-4036-9BC3-F6329294FAC3}.Release|x64.ActiveCfg = Release|x64
		{6646197C-7769-4036-9BC3-F6329294FAC3}.Release|x64.Build.0 = Release|x64
		{6646197C-7769-4036-9BC3-F6329294FAC3}.Release|x86.ActiveCfg = Release|Win32
		{6646197C-7769-4036-9BC3-F6329294FAC3}.Release|x86.Build.0 = Release|Win32
	EndGlobalSection
	GlobalSection(SolutionProperties) = preSolution
		HideSolutionNode = FALSE
	EndGlobalSection
	GlobalSection(ExtensibilityGlobals) = postSolution
		SolutionGuid = {19D2C164-2676-4FCA-BBF6-46A83CAD7B3F}
	EndGlobalSection
EndGlobal
