
Microsoft Visual Studio Solution File, Format Version 12.00
# Visual Studio Version 17
VisualStudioVersion = 17.14.36109.1
MinimumVisualStudioVersion = 10.0.40219.1
Project("{8BC9CEB8-8B4A-11D0-8D11-00A0C91BC942}") = "Program", "Program.vcxproj", "{4F4A1BF5-EE51-49CC-B931-69D872EA59AD}"
EndProject
Project("{8BC9CEB8-8B4A-11D0-8D11-00A0C91BC942}") = "Class1st (Single Linked List)", "..\Class1st (Single Linked List)\Class1st (Single Linked List).vcxproj", "{4B97E1CB-77EF-4AE0-B3DD-835F6D0195BF}"
EndProject
Project("{8BC9CEB8-8B4A-11D0-8D11-00A0C91BC942}") = "Class2nd (Double Linked List)", "..\Class2nd (Double Linked List)\Class2nd (Double Linked List).vcxproj", "{820FDD6D-F0BD-46A7-96E1-E1DCF6A1E69C}"
EndProject
Project("{8BC9CEB8-8B4A-11D0-8D11-00A0C91BC942}") = "Class3rd (Circle Linked List)", "..\Class3rd (Circle Linked List)\Class3rd (Circle Linked List).vcxproj", "{BC398520-EF16-4041-9410-BF9A18ABAD2A}"
EndProject
Project("{8BC9CEB8-8B4A-11D0-8D11-00A0C91BC942}") = "Class4th (Vector)", "..\Class4th (Vector)\Class4th (Vector).vcxproj", "{42BE4E86-C210-4716-8C95-05C34C9B1BB7}"
EndProject
Project("{8BC9CEB8-8B4A-11D0-8D11-00A0C91BC942}") = "Class5th (String)", "..\Class6th (String)\Class6th (String).vcxproj", "{44881B7C-1D8D-4C0E-80F8-1F9FC4BA4364}"
EndProject
Project("{8BC9CEB8-8B4A-11D0-8D11-00A0C91BC942}") = "Class6th (Stack)", "..\Class6th (Stack)\Class6th (Stack).vcxproj", "{462CC9ED-EF96-4418-A028-2706C089749A}"
EndProject
Project("{8BC9CEB8-8B4A-11D0-8D11-00A0C91BC942}") = "Class7th (Linear Queue)", "..\Class7th (Linear Queue)\Class7th (Linear Queue).vcxproj", "{C99E5509-12BA-4314-9D22-B4E8A9388B1D}"
EndProject
Project("{8BC9CEB8-8B4A-11D0-8D11-00A0C91BC942}") = "Class8th (Circle Queue)", "..\Class8th (Circle Queue)\Class8th (Circle Queue).vcxproj", "{62FABB72-B1E7-40F5-9E52-ADB74F2A9CCB}"
EndProject
Global
	GlobalSection(SolutionConfigurationPlatforms) = preSolution
		Debug|x64 = Debug|x64
		Debug|x86 = Debug|x86
		Release|x64 = Release|x64
		Release|x86 = Release|x86
	EndGlobalSection
	GlobalSection(ProjectConfigurationPlatforms) = postSolution
		{4F4A1BF5-EE51-49CC-B931-69D872EA59AD}.Debug|x64.ActiveCfg = Debug|x64
		{4F4A1BF5-EE51-49CC-B931-69D872EA59AD}.Debug|x64.Build.0 = Debug|x64
		{4F4A1BF5-EE51-49CC-B931-69D872EA59AD}.Debug|x86.ActiveCfg = Debug|Win32
		{4F4A1BF5-EE51-49CC-B931-69D872EA59AD}.Debug|x86.Build.0 = Debug|Win32
		{4F4A1BF5-EE51-49CC-B931-69D872EA59AD}.Release|x64.ActiveCfg = Release|x64
		{4F4A1BF5-EE51-49CC-B931-69D872EA59AD}.Release|x64.Build.0 = Release|x64
		{4F4A1BF5-EE51-49CC-B931-69D872EA59AD}.Release|x86.ActiveCfg = Release|Win32
		{4F4A1BF5-EE51-49CC-B931-69D872EA59AD}.Release|x86.Build.0 = Release|Win32
		{4B97E1CB-77EF-4AE0-B3DD-835F6D0195BF}.Debug|x64.ActiveCfg = Debug|x64
		{4B97E1CB-77EF-4AE0-B3DD-835F6D0195BF}.Debug|x64.Build.0 = Debug|x64
		{4B97E1CB-77EF-4AE0-B3DD-835F6D0195BF}.Debug|x86.ActiveCfg = Debug|Win32
		{4B97E1CB-77EF-4AE0-B3DD-835F6D0195BF}.Debug|x86.Build.0 = Debug|Win32
		{4B97E1CB-77EF-4AE0-B3DD-835F6D0195BF}.Release|x64.ActiveCfg = Release|x64
		{4B97E1CB-77EF-4AE0-B3DD-835F6D0195BF}.Release|x64.Build.0 = Release|x64
		{4B97E1CB-77EF-4AE0-B3DD-835F6D0195BF}.Release|x86.ActiveCfg = Release|Win32
		{4B97E1CB-77EF-4AE0-B3DD-835F6D0195BF}.Release|x86.Build.0 = Release|Win32
		{820FDD6D-F0BD-46A7-96E1-E1DCF6A1E69C}.Debug|x64.ActiveCfg = Debug|x64
		{820FDD6D-F0BD-46A7-96E1-E1DCF6A1E69C}.Debug|x64.Build.0 = Debug|x64
		{820FDD6D-F0BD-46A7-96E1-E1DCF6A1E69C}.Debug|x86.ActiveCfg = Debug|Win32
		{820FDD6D-F0BD-46A7-96E1-E1DCF6A1E69C}.Debug|x86.Build.0 = Debug|Win32
		{820FDD6D-F0BD-46A7-96E1-E1DCF6A1E69C}.Release|x64.ActiveCfg = Release|x64
		{820FDD6D-F0BD-46A7-96E1-E1DCF6A1E69C}.Release|x64.Build.0 = Release|x64
		{820FDD6D-F0BD-46A7-96E1-E1DCF6A1E69C}.Release|x86.ActiveCfg = Release|Win32
		{820FDD6D-F0BD-46A7-96E1-E1DCF6A1E69C}.Release|x86.Build.0 = Release|Win32
		{BC398520-EF16-4041-9410-BF9A18ABAD2A}.Debug|x64.ActiveCfg = Debug|x64
		{BC398520-EF16-4041-9410-BF9A18ABAD2A}.Debug|x64.Build.0 = Debug|x64
		{BC398520-EF16-4041-9410-BF9A18ABAD2A}.Debug|x86.ActiveCfg = Debug|Win32
		{BC398520-EF16-4041-9410-BF9A18ABAD2A}.Debug|x86.Build.0 = Debug|Win32
		{BC398520-EF16-4041-9410-BF9A18ABAD2A}.Release|x64.ActiveCfg = Release|x64
		{BC398520-EF16-4041-9410-BF9A18ABAD2A}.Release|x64.Build.0 = Release|x64
		{BC398520-EF16-4041-9410-BF9A18ABAD2A}.Release|x86.ActiveCfg = Release|Win32
		{BC398520-EF16-4041-9410-BF9A18ABAD2A}.Release|x86.Build.0 = Release|Win32
		{42BE4E86-C210-4716-8C95-05C34C9B1BB7}.Debug|x64.ActiveCfg = Debug|x64
		{42BE4E86-C210-4716-8C95-05C34C9B1BB7}.Debug|x64.Build.0 = Debug|x64
		{42BE4E86-C210-4716-8C95-05C34C9B1BB7}.Debug|x86.ActiveCfg = Debug|Win32
		{42BE4E86-C210-4716-8C95-05C34C9B1BB7}.Debug|x86.Build.0 = Debug|Win32
		{42BE4E86-C210-4716-8C95-05C34C9B1BB7}.Release|x64.ActiveCfg = Release|x64
		{42BE4E86-C210-4716-8C95-05C34C9B1BB7}.Release|x64.Build.0 = Release|x64
		{42BE4E86-C210-4716-8C95-05C34C9B1BB7}.Release|x86.ActiveCfg = Release|Win32
		{42BE4E86-C210-4716-8C95-05C34C9B1BB7}.Release|x86.Build.0 = Release|Win32
		{44881B7C-1D8D-4C0E-80F8-1F9FC4BA4364}.Debug|x64.ActiveCfg = Debug|x64
		{44881B7C-1D8D-4C0E-80F8-1F9FC4BA4364}.Debug|x64.Build.0 = Debug|x64
		{44881B7C-1D8D-4C0E-80F8-1F9FC4BA4364}.Debug|x86.ActiveCfg = Debug|Win32
		{44881B7C-1D8D-4C0E-80F8-1F9FC4BA4364}.Debug|x86.Build.0 = Debug|Win32
		{44881B7C-1D8D-4C0E-80F8-1F9FC4BA4364}.Release|x64.ActiveCfg = Release|x64
		{44881B7C-1D8D-4C0E-80F8-1F9FC4BA4364}.Release|x64.Build.0 = Release|x64
		{44881B7C-1D8D-4C0E-80F8-1F9FC4BA4364}.Release|x86.ActiveCfg = Release|Win32
		{44881B7C-1D8D-4C0E-80F8-1F9FC4BA4364}.Release|x86.Build.0 = Release|Win32
		{462CC9ED-EF96-4418-A028-2706C089749A}.Debug|x64.ActiveCfg = Debug|x64
		{462CC9ED-EF96-4418-A028-2706C089749A}.Debug|x64.Build.0 = Debug|x64
		{462CC9ED-EF96-4418-A028-2706C089749A}.Debug|x86.ActiveCfg = Debug|Win32
		{462CC9ED-EF96-4418-A028-2706C089749A}.Debug|x86.Build.0 = Debug|Win32
		{462CC9ED-EF96-4418-A028-2706C089749A}.Release|x64.ActiveCfg = Release|x64
		{462CC9ED-EF96-4418-A028-2706C089749A}.Release|x64.Build.0 = Release|x64
		{462CC9ED-EF96-4418-A028-2706C089749A}.Release|x86.ActiveCfg = Release|Win32
		{462CC9ED-EF96-4418-A028-2706C089749A}.Release|x86.Build.0 = Release|Win32
		{C99E5509-12BA-4314-9D22-B4E8A9388B1D}.Debug|x64.ActiveCfg = Debug|x64
		{C99E5509-12BA-4314-9D22-B4E8A9388B1D}.Debug|x64.Build.0 = Debug|x64
		{C99E5509-12BA-4314-9D22-B4E8A9388B1D}.Debug|x86.ActiveCfg = Debug|Win32
		{C99E5509-12BA-4314-9D22-B4E8A9388B1D}.Debug|x86.Build.0 = Debug|Win32
		{C99E5509-12BA-4314-9D22-B4E8A9388B1D}.Release|x64.ActiveCfg = Release|x64
		{C99E5509-12BA-4314-9D22-B4E8A9388B1D}.Release|x64.Build.0 = Release|x64
		{C99E5509-12BA-4314-9D22-B4E8A9388B1D}.Release|x86.ActiveCfg = Release|Win32
		{C99E5509-12BA-4314-9D22-B4E8A9388B1D}.Release|x86.Build.0 = Release|Win32
		{62FABB72-B1E7-40F5-9E52-ADB74F2A9CCB}.Debug|x64.ActiveCfg = Debug|x64
		{62FABB72-B1E7-40F5-9E52-ADB74F2A9CCB}.Debug|x64.Build.0 = Debug|x64
		{62FABB72-B1E7-40F5-9E52-ADB74F2A9CCB}.Debug|x86.ActiveCfg = Debug|Win32
		{62FABB72-B1E7-40F5-9E52-ADB74F2A9CCB}.Debug|x86.Build.0 = Debug|Win32
		{62FABB72-B1E7-40F5-9E52-ADB74F2A9CCB}.Release|x64.ActiveCfg = Release|x64
		{62FABB72-B1E7-40F5-9E52-ADB74F2A9CCB}.Release|x64.Build.0 = Release|x64
		{62FABB72-B1E7-40F5-9E52-ADB74F2A9CCB}.Release|x86.ActiveCfg = Release|Win32
		{62FABB72-B1E7-40F5-9E52-ADB74F2A9CCB}.Release|x86.Build.0 = Release|Win32
	EndGlobalSection
	GlobalSection(SolutionProperties) = preSolution
		HideSolutionNode = FALSE
	EndGlobalSection
	GlobalSection(ExtensibilityGlobals) = postSolution
		SolutionGuid = {E201C6B0-B2CB-442A-888D-71326B22767C}
	EndGlobalSection
EndGlobal
